
Microsoft Visual Studio Solution File, Format Version 12.00
# Visual Studio 15
VisualStudioVersion = 15.0.28010.2041
MinimumVisualStudioVersion = 10.0.40219.1
Project("{FAE04EC0-301F-11D3-BF4B-00C04F79EFBC}") = "Mobile.Android", "Mobile\Mobile.Android\Mobile.Android.csproj", "{E932D9A7-575C-42F6-871B-808D62DC6154}"
EndProject
Project("{FAE04EC0-301F-11D3-BF4B-00C04F79EFBC}") = "Mobile.iOS", "Mobile\Mobile.iOS\Mobile.iOS.csproj", "{76B5CA17-3B44-4F18-8F13-D5116E342DDD}"
EndProject
Project("{FAE04EC0-301F-11D3-BF4B-00C04F79EFBC}") = "Mobile.UWP", "Mobile\Mobile.UWP\Mobile.UWP.csproj", "{12B88DA5-767A-486D-BFE9-F278BC23C62B}"
EndProject
Project("{D954291E-2A0B-460D-934E-DC6B0785DB48}") = "Mobile", "Mobile\Mobile\Mobile.shproj", "{33B0E951-FC25-45AD-BF59-D9C19F7355B6}"
EndProject
Global
	GlobalSection(SharedMSBuildProjectFiles) = preSolution
		Mobile\Mobile\Mobile.projitems*{12b88da5-767a-486d-bfe9-f278bc23c62b}*SharedItemsImports = 4
		Mobile\Mobile\Mobile.projitems*{33b0e951-fc25-45ad-bf59-d9c19f7355b6}*SharedItemsImports = 13
		Mobile\Mobile\Mobile.projitems*{76b5ca17-3b44-4f18-8f13-d5116e342ddd}*SharedItemsImports = 4
		Mobile\Mobile\Mobile.projitems*{e932d9a7-575c-42f6-871b-808d62dc6154}*SharedItemsImports = 4
	EndGlobalSection
	GlobalSection(SolutionConfigurationPlatforms) = preSolution
		Ad-Hoc|Any CPU = Ad-Hoc|Any CPU
		Ad-Hoc|ARM = Ad-Hoc|ARM
		Ad-Hoc|iPhone = Ad-Hoc|iPhone
		Ad-Hoc|iPhoneSimulator = Ad-Hoc|iPhoneSimulator
		Ad-Hoc|x64 = Ad-Hoc|x64
		Ad-Hoc|x86 = Ad-Hoc|x86
		AppStore|Any CPU = AppStore|Any CPU
		AppStore|ARM = AppStore|ARM
		AppStore|iPhone = AppStore|iPhone
		AppStore|iPhoneSimulator = AppStore|iPhoneSimulator
		AppStore|x64 = AppStore|x64
		AppStore|x86 = AppStore|x86
		Debug|Any CPU = Debug|Any CPU
		Debug|ARM = Debug|ARM
		Debug|iPhone = Debug|iPhone
		Debug|iPhoneSimulator = Debug|iPhoneSimulator
		Debug|x64 = Debug|x64
		Debug|x86 = Debug|x86
		Release|Any CPU = Release|Any CPU
		Release|ARM = Release|ARM
		Release|iPhone = Release|iPhone
		Release|iPhoneSimulator = Release|iPhoneSimulator
		Release|x64 = Release|x64
		Release|x86 = Release|x86
	EndGlobalSection
	GlobalSection(ProjectConfigurationPlatforms) = postSolution
		{E932D9A7-575C-42F6-871B-808D62DC6154}.Ad-Hoc|Any CPU.ActiveCfg = Release|Any CPU
		{E932D9A7-575C-42F6-871B-808D62DC6154}.Ad-Hoc|Any CPU.Build.0 = Release|Any CPU
		{E932D9A7-575C-42F6-871B-808D62DC6154}.Ad-Hoc|Any CPU.Deploy.0 = Release|Any CPU
		{E932D9A7-575C-42F6-871B-808D62DC6154}.Ad-Hoc|ARM.ActiveCfg = Release|Any CPU
		{E932D9A7-575C-42F6-871B-808D62DC6154}.Ad-Hoc|ARM.Build.0 = Release|Any CPU
		{E932D9A7-575C-42F6-871B-808D62DC6154}.Ad-Hoc|ARM.Deploy.0 = Release|Any CPU
		{E932D9A7-575C-42F6-871B-808D62DC6154}.Ad-Hoc|iPhone.ActiveCfg = Release|Any CPU
		{E932D9A7-575C-42F6-871B-808D62DC6154}.Ad-Hoc|iPhone.Build.0 = Release|Any CPU
		{E932D9A7-575C-42F6-871B-808D62DC6154}.Ad-Hoc|iPhone.Deploy.0 = Release|Any CPU
		{E932D9A7-575C-42F6-871B-808D62DC6154}.Ad-Hoc|iPhoneSimulator.ActiveCfg = Release|Any CPU
		{E932D9A7-575C-42F6-871B-808D62DC6154}.Ad-Hoc|iPhoneSimulator.Build.0 = Release|Any CPU
		{E932D9A7-575C-42F6-871B-808D62DC6154}.Ad-Hoc|iPhoneSimulator.Deploy.0 = Release|Any CPU
		{E932D9A7-575C-42F6-871B-808D62DC6154}.Ad-Hoc|x64.ActiveCfg = Release|Any CPU
		{E932D9A7-575C-42F6-871B-808D62DC6154}.Ad-Hoc|x64.Build.0 = Release|Any CPU
		{E932D9A7-575C-42F6-871B-808D62DC6154}.Ad-Hoc|x64.Deploy.0 = Release|Any CPU
		{E932D9A7-575C-42F6-871B-808D62DC6154}.Ad-Hoc|x86.ActiveCfg = Release|Any CPU
		{E932D9A7-575C-42F6-871B-808D62DC6154}.Ad-Hoc|x86.Build.0 = Release|Any CPU
		{E932D9A7-575C-42F6-871B-808D62DC6154}.Ad-Hoc|x86.Deploy.0 = Release|Any CPU
		{E932D9A7-575C-42F6-871B-808D62DC6154}.AppStore|Any CPU.ActiveCfg = Release|Any CPU
		{E932D9A7-575C-42F6-871B-808D62DC6154}.AppStore|Any CPU.Build.0 = Release|Any CPU
		{E932D9A7-575C-42F6-871B-808D62DC6154}.AppStore|Any CPU.Deploy.0 = Release|Any CPU
		{E932D9A7-575C-42F6-871B-808D62DC6154}.AppStore|ARM.ActiveCfg = Release|Any CPU
		{E932D9A7-575C-42F6-871B-808D62DC6154}.AppStore|ARM.Build.0 = Release|Any CPU
		{E932D9A7-575C-42F6-871B-808D62DC6154}.AppStore|ARM.Deploy.0 = Release|Any CPU
		{E932D9A7-575C-42F6-871B-808D62DC6154}.AppStore|iPhone.ActiveCfg = Release|Any CPU
		{E932D9A7-575C-42F6-871B-808D62DC6154}.AppStore|iPhone.Build.0 = Release|Any CPU
		{E932D9A7-575C-42F6-871B-808D62DC6154}.AppStore|iPhone.Deploy.0 = Release|Any CPU
		{E932D9A7-575C-42F6-871B-808D62DC6154}.AppStore|iPhoneSimulator.ActiveCfg = Release|Any CPU
		{E932D9A7-575C-42F6-871B-808D62DC6154}.AppStore|iPhoneSimulator.Build.0 = Release|Any CPU
		{E932D9A7-575C-42F6-871B-808D62DC6154}.AppStore|iPhoneSimulator.Deploy.0 = Release|Any CPU
		{E932D9A7-575C-42F6-871B-808D62DC6154}.AppStore|x64.ActiveCfg = Release|Any CPU
		{E932D9A7-575C-42F6-871B-808D62DC6154}.AppStore|x64.Build.0 = Release|Any CPU
		{E932D9A7-575C-42F6-871B-808D62DC6154}.AppStore|x64.Deploy.0 = Release|Any CPU
		{E932D9A7-575C-42F6-871B-808D62DC6154}.AppStore|x86.ActiveCfg = Release|Any CPU
		{E932D9A7-575C-42F6-871B-808D62DC6154}.AppStore|x86.Build.0 = Release|Any CPU
		{E932D9A7-575C-42F6-871B-808D62DC6154}.AppStore|x86.Deploy.0 = Release|Any CPU
		{E932D9A7-575C-42F6-871B-808D62DC6154}.Debug|Any CPU.ActiveCfg = Debug|Any CPU
		{E932D9A7-575C-42F6-871B-808D62DC6154}.Debug|Any CPU.Build.0 = Debug|Any CPU
		{E932D9A7-575C-42F6-871B-808D62DC6154}.Debug|Any CPU.Deploy.0 = Debug|Any CPU
		{E932D9A7-575C-42F6-871B-808D62DC6154}.Debug|ARM.ActiveCfg = Debug|Any CPU
		{E932D9A7-575C-42F6-871B-808D62DC6154}.Debug|ARM.Build.0 = Debug|Any CPU
		{E932D9A7-575C-42F6-871B-808D62DC6154}.Debug|ARM.Deploy.0 = Debug|Any CPU
		{E932D9A7-575C-42F6-871B-808D62DC6154}.Debug|iPhone.ActiveCfg = Debug|Any CPU
		{E932D9A7-575C-42F6-871B-808D62DC6154}.Debug|iPhone.Build.0 = Debug|Any CPU
		{E932D9A7-575C-42F6-871B-808D62DC6154}.Debug|iPhone.Deploy.0 = Debug|Any CPU
		{E932D9A7-575C-42F6-871B-808D62DC6154}.Debug|iPhoneSimulator.ActiveCfg = Debug|Any CPU
		{E932D9A7-575C-42F6-871B-808D62DC6154}.Debug|iPhoneSimulator.Build.0 = Debug|Any CPU
		{E932D9A7-575C-42F6-871B-808D62DC6154}.Debug|iPhoneSimulator.Deploy.0 = Debug|Any CPU
		{E932D9A7-575C-42F6-871B-808D62DC6154}.Debug|x64.ActiveCfg = Debug|Any CPU
		{E932D9A7-575C-42F6-871B-808D62DC6154}.Debug|x64.Build.0 = Debug|Any CPU
		{E932D9A7-575C-42F6-871B-808D62DC6154}.Debug|x64.Deploy.0 = Debug|Any CPU
		{E932D9A7-575C-42F6-871B-808D62DC6154}.Debug|x86.ActiveCfg = Debug|Any CPU
		{E932D9A7-575C-42F6-871B-808D62DC6154}.Debug|x86.Build.0 = Debug|Any CPU
		{E932D9A7-575C-42F6-871B-808D62DC6154}.Debug|x86.Deploy.0 = Debug|Any CPU
		{E932D9A7-575C-42F6-871B-808D62DC6154}.Release|Any CPU.ActiveCfg = Release|Any CPU
		{E932D9A7-575C-42F6-871B-808D62DC6154}.Release|Any CPU.Build.0 = Release|Any CPU
		{E932D9A7-575C-42F6-871B-808D62DC6154}.Release|Any CPU.Deploy.0 = Release|Any CPU
		{E932D9A7-575C-42F6-871B-808D62DC6154}.Release|ARM.ActiveCfg = Release|Any CPU
		{E932D9A7-575C-42F6-871B-808D62DC6154}.Release|ARM.Build.0 = Release|Any CPU
		{E932D9A7-575C-42F6-871B-808D62DC6154}.Release|ARM.Deploy.0 = Release|Any CPU
		{E932D9A7-575C-42F6-871B-808D62DC6154}.Release|iPhone.ActiveCfg = Release|Any CPU
		{E932D9A7-575C-42F6-871B-808D62DC6154}.Release|iPhone.Build.0 = Release|Any CPU
		{E932D9A7-575C-42F6-871B-808D62DC6154}.Release|iPhone.Deploy.0 = Release|Any CPU
		{E932D9A7-575C-42F6-871B-808D62DC6154}.Release|iPhoneSimulator.ActiveCfg = Release|Any CPU
		{E932D9A7-575C-42F6-871B-808D62DC6154}.Release|iPhoneSimulator.Build.0 = Release|Any CPU
		{E932D9A7-575C-42F6-871B-808D62DC6154}.Release|iPhoneSimulator.Deploy.0 = Release|Any CPU
		{E932D9A7-575C-42F6-871B-808D62DC6154}.Release|x64.ActiveCfg = Release|Any CPU
		{E932D9A7-575C-42F6-871B-808D62DC6154}.Release|x64.Build.0 = Release|Any CPU
		{E932D9A7-575C-42F6-871B-808D62DC6154}.Release|x64.Deploy.0 = Release|Any CPU
		{E932D9A7-575C-42F6-871B-808D62DC6154}.Release|x86.ActiveCfg = Release|Any CPU
		{E932D9A7-575C-42F6-871B-808D62DC6154}.Release|x86.Build.0 = Release|Any CPU
		{E932D9A7-575C-42F6-871B-808D62DC6154}.Release|x86.Deploy.0 = Release|Any CPU
		{76B5CA17-3B44-4F18-8F13-D5116E342DDD}.Ad-Hoc|Any CPU.ActiveCfg = Ad-Hoc|iPhone
		{76B5CA17-3B44-4F18-8F13-D5116E342DDD}.Ad-Hoc|Any CPU.Build.0 = Ad-Hoc|iPhone
		{76B5CA17-3B44-4F18-8F13-D5116E342DDD}.Ad-Hoc|Any CPU.Deploy.0 = Ad-Hoc|iPhone
		{76B5CA17-3B44-4F18-8F13-D5116E342DDD}.Ad-Hoc|ARM.ActiveCfg = Ad-Hoc|iPhone
		{76B5CA17-3B44-4F18-8F13-D5116E342DDD}.Ad-Hoc|ARM.Build.0 = Ad-Hoc|iPhone
		{76B5CA17-3B44-4F18-8F13-D5116E342DDD}.Ad-Hoc|ARM.Deploy.0 = Ad-Hoc|iPhone
		{76B5CA17-3B44-4F18-8F13-D5116E342DDD}.Ad-Hoc|iPhone.ActiveCfg = Ad-Hoc|iPhone
		{76B5CA17-3B44-4F18-8F13-D5116E342DDD}.Ad-Hoc|iPhone.Build.0 = Ad-Hoc|iPhone
		{76B5CA17-3B44-4F18-8F13-D5116E342DDD}.Ad-Hoc|iPhone.Deploy.0 = Ad-Hoc|iPhone
		{76B5CA17-3B44-4F18-8F13-D5116E342DDD}.Ad-Hoc|iPhoneSimulator.ActiveCfg = Ad-Hoc|iPhoneSimulator
		{76B5CA17-3B44-4F18-8F13-D5116E342DDD}.Ad-Hoc|iPhoneSimulator.Build.0 = Ad-Hoc|iPhoneSimulator
		{76B5CA17-3B44-4F18-8F13-D5116E342DDD}.Ad-Hoc|iPhoneSimulator.Deploy.0 = Ad-Hoc|iPhoneSimulator
		{76B5CA17-3B44-4F18-8F13-D5116E342DDD}.Ad-Hoc|x64.ActiveCfg = Ad-Hoc|iPhone
		{76B5CA17-3B44-4F18-8F13-D5116E342DDD}.Ad-Hoc|x64.Build.0 = Ad-Hoc|iPhone
		{76B5CA17-3B44-4F18-8F13-D5116E342DDD}.Ad-Hoc|x64.Deploy.0 = Ad-Hoc|iPhone
		{76B5CA17-3B44-4F18-8F13-D5116E342DDD}.Ad-Hoc|x86.ActiveCfg = Ad-Hoc|iPhone
		{76B5CA17-3B44-4F18-8F13-D5116E342DDD}.Ad-Hoc|x86.Build.0 = Ad-Hoc|iPhone
		{76B5CA17-3B44-4F18-8F13-D5116E342DDD}.Ad-Hoc|x86.Deploy.0 = Ad-Hoc|iPhone
		{76B5CA17-3B44-4F18-8F13-D5116E342DDD}.AppStore|Any CPU.ActiveCfg = AppStore|iPhone
		{76B5CA17-3B44-4F18-8F13-D5116E342DDD}.AppStore|Any CPU.Build.0 = AppStore|iPhone
		{76B5CA17-3B44-4F18-8F13-D5116E342DDD}.AppStore|Any CPU.Deploy.0 = AppStore|iPhone
		{76B5CA17-3B44-4F18-8F13-D5116E342DDD}.AppStore|ARM.ActiveCfg = AppStore|iPhone
		{76B5CA17-3B44-4F18-8F13-D5116E342DDD}.AppStore|ARM.Build.0 = AppStore|iPhone
		{76B5CA17-3B44-4F18-8F13-D5116E342DDD}.AppStore|ARM.Deploy.0 = AppStore|iPhone
		{76B5CA17-3B44-4F18-8F13-D5116E342DDD}.AppStore|iPhone.ActiveCfg = AppStore|iPhone
		{76B5CA17-3B44-4F18-8F13-D5116E342DDD}.AppStore|iPhone.Build.0 = AppStore|iPhone
		{76B5CA17-3B44-4F18-8F13-D5116E342DDD}.AppStore|iPhone.Deploy.0 = AppStore|iPhone
		{76B5CA17-3B44-4F18-8F13-D5116E342DDD}.AppStore|iPhoneSimulator.ActiveCfg = AppStore|iPhoneSimulator
		{76B5CA17-3B44-4F18-8F13-D5116E342DDD}.AppStore|iPhoneSimulator.Build.0 = AppStore|iPhoneSimulator
		{76B5CA17-3B44-4F18-8F13-D5116E342DDD}.AppStore|iPhoneSimulator.Deploy.0 = AppStore|iPhoneSimulator
		{76B5CA17-3B44-4F18-8F13-D5116E342DDD}.AppStore|x64.ActiveCfg = AppStore|iPhone
		{76B5CA17-3B44-4F18-8F13-D5116E342DDD}.AppStore|x64.Build.0 = AppStore|iPhone
		{76B5CA17-3B44-4F18-8F13-D5116E342DDD}.AppStore|x64.Deploy.0 = AppStore|iPhone
		{76B5CA17-3B44-4F18-8F13-D5116E342DDD}.AppStore|x86.ActiveCfg = AppStore|iPhone
		{76B5CA17-3B44-4F18-8F13-D5116E342DDD}.AppStore|x86.Build.0 = AppStore|iPhone
		{76B5CA17-3B44-4F18-8F13-D5116E342DDD}.AppStore|x86.Deploy.0 = AppStore|iPhone
		{76B5CA17-3B44-4F18-8F13-D5116E342DDD}.Debug|Any CPU.ActiveCfg = Debug|iPhoneSimulator
		{76B5CA17-3B44-4F18-8F13-D5116E342DDD}.Debug|Any CPU.Build.0 = Debug|iPhoneSimulator
		{76B5CA17-3B44-4F18-8F13-D5116E342DDD}.Debug|Any CPU.Deploy.0 = Debug|iPhoneSimulator
		{76B5CA17-3B44-4F18-8F13-D5116E342DDD}.Debug|ARM.ActiveCfg = Debug|iPhone
		{76B5CA17-3B44-4F18-8F13-D5116E342DDD}.Debug|ARM.Build.0 = Debug|iPhone
		{76B5CA17-3B44-4F18-8F13-D5116E342DDD}.Debug|ARM.Deploy.0 = Debug|iPhone
		{76B5CA17-3B44-4F18-8F13-D5116E342DDD}.Debug|iPhone.ActiveCfg = Debug|iPhone
		{76B5CA17-3B44-4F18-8F13-D5116E342DDD}.Debug|iPhone.Build.0 = Debug|iPhone
		{76B5CA17-3B44-4F18-8F13-D5116E342DDD}.Debug|iPhone.Deploy.0 = Debug|iPhone
		{76B5CA17-3B44-4F18-8F13-D5116E342DDD}.Debug|iPhoneSimulator.ActiveCfg = Debug|iPhoneSimulator
		{76B5CA17-3B44-4F18-8F13-D5116E342DDD}.Debug|iPhoneSimulator.Build.0 = Debug|iPhoneSimulator
		{76B5CA17-3B44-4F18-8F13-D5116E342DDD}.Debug|iPhoneSimulator.Deploy.0 = Debug|iPhoneSimulator
		{76B5CA17-3B44-4F18-8F13-D5116E342DDD}.Debug|x64.ActiveCfg = Debug|iPhone
		{76B5CA17-3B44-4F18-8F13-D5116E342DDD}.Debug|x64.Build.0 = Debug|iPhone
		{76B5CA17-3B44-4F18-8F13-D5116E342DDD}.Debug|x64.Deploy.0 = Debug|iPhone
		{76B5CA17-3B44-4F18-8F13-D5116E342DDD}.Debug|x86.ActiveCfg = Debug|iPhone
		{76B5CA17-3B44-4F18-8F13-D5116E342DDD}.Debug|x86.Build.0 = Debug|iPhone
		{76B5CA17-3B44-4F18-8F13-D5116E342DDD}.Debug|x86.Deploy.0 = Debug|iPhone
		{76B5CA17-3B44-4F18-8F13-D5116E342DDD}.Release|Any CPU.ActiveCfg = Release|iPhone
		{76B5CA17-3B44-4F18-8F13-D5116E342DDD}.Release|Any CPU.Build.0 = Release|iPhone
		{76B5CA17-3B44-4F18-8F13-D5116E342DDD}.Release|Any CPU.Deploy.0 = Release|iPhone
		{76B5CA17-3B44-4F18-8F13-D5116E342DDD}.Release|ARM.ActiveCfg = Release|iPhone
		{76B5CA17-3B44-4F18-8F13-D5116E342DDD}.Release|ARM.Build.0 = Release|iPhone
		{76B5CA17-3B44-4F18-8F13-D5116E342DDD}.Release|ARM.Deploy.0 = Release|iPhone
		{76B5CA17-3B44-4F18-8F13-D5116E342DDD}.Release|iPhone.ActiveCfg = Release|iPhone
		{76B5CA17-3B44-4F18-8F13-D5116E342DDD}.Release|iPhone.Build.0 = Release|iPhone
		{76B5CA17-3B44-4F18-8F13-D5116E342DDD}.Release|iPhone.Deploy.0 = Release|iPhone
		{76B5CA17-3B44-4F18-8F13-D5116E342DDD}.Release|iPhoneSimulator.ActiveCfg = Release|iPhoneSimulator
		{76B5CA17-3B44-4F18-8F13-D5116E342DDD}.Release|iPhoneSimulator.Build.0 = Release|iPhoneSimulator
		{76B5CA17-3B44-4F18-8F13-D5116E342DDD}.Release|iPhoneSimulator.Deploy.0 = Release|iPhoneSimulator
		{76B5CA17-3B44-4F18-8F13-D5116E342DDD}.Release|x64.ActiveCfg = Release|iPhone
		{76B5CA17-3B44-4F18-8F13-D5116E342DDD}.Release|x64.Build.0 = Release|iPhone
		{76B5CA17-3B44-4F18-8F13-D5116E342DDD}.Release|x64.Deploy.0 = Release|iPhone
		{76B5CA17-3B44-4F18-8F13-D5116E342DDD}.Release|x86.ActiveCfg = Release|iPhone
		{76B5CA17-3B44-4F18-8F13-D5116E342DDD}.Release|x86.Build.0 = Release|iPhone
		{76B5CA17-3B44-4F18-8F13-D5116E342DDD}.Release|x86.Deploy.0 = Release|iPhone
		{12B88DA5-767A-486D-BFE9-F278BC23C62B}.Ad-Hoc|Any CPU.ActiveCfg = Release|x86
		{12B88DA5-767A-486D-BFE9-F278BC23C62B}.Ad-Hoc|Any CPU.Build.0 = Release|x86
		{12B88DA5-767A-486D-BFE9-F278BC23C62B}.Ad-Hoc|Any CPU.Deploy.0 = Release|x86
		{12B88DA5-767A-486D-BFE9-F278BC23C62B}.Ad-Hoc|ARM.ActiveCfg = Release|ARM
		{12B88DA5-767A-486D-BFE9-F278BC23C62B}.Ad-Hoc|ARM.Build.0 = Release|ARM
		{12B88DA5-767A-486D-BFE9-F278BC23C62B}.Ad-Hoc|ARM.Deploy.0 = Release|ARM
		{12B88DA5-767A-486D-BFE9-F278BC23C62B}.Ad-Hoc|iPhone.ActiveCfg = Release|x86
		{12B88DA5-767A-486D-BFE9-F278BC23C62B}.Ad-Hoc|iPhone.Build.0 = Release|x86
		{12B88DA5-767A-486D-BFE9-F278BC23C62B}.Ad-Hoc|iPhone.Deploy.0 = Release|x86
		{12B88DA5-767A-486D-BFE9-F278BC23C62B}.Ad-Hoc|iPhoneSimulator.ActiveCfg = Release|x86
		{12B88DA5-767A-486D-BFE9-F278BC23C62B}.Ad-Hoc|iPhoneSimulator.Build.0 = Release|x86
		{12B88DA5-767A-486D-BFE9-F278BC23C62B}.Ad-Hoc|iPhoneSimulator.Deploy.0 = Release|x86
		{12B88DA5-767A-486D-BFE9-F278BC23C62B}.Ad-Hoc|x64.ActiveCfg = Release|x64
		{12B88DA5-767A-486D-BFE9-F278BC23C62B}.Ad-Hoc|x64.Build.0 = Release|x64
		{12B88DA5-767A-486D-BFE9-F278BC23C62B}.Ad-Hoc|x64.Deploy.0 = Release|x64
		{12B88DA5-767A-486D-BFE9-F278BC23C62B}.Ad-Hoc|x86.ActiveCfg = Release|x86
		{12B88DA5-767A-486D-BFE9-F278BC23C62B}.Ad-Hoc|x86.Build.0 = Release|x86
		{12B88DA5-767A-486D-BFE9-F278BC23C62B}.Ad-Hoc|x86.Deploy.0 = Release|x86
		{12B88DA5-767A-486D-BFE9-F278BC23C62B}.AppStore|Any CPU.ActiveCfg = Release|x86
		{12B88DA5-767A-486D-BFE9-F278BC23C62B}.AppStore|Any CPU.Build.0 = Release|x86
		{12B88DA5-767A-486D-BFE9-F278BC23C62B}.AppStore|Any CPU.Deploy.0 = Release|x86
		{12B88DA5-767A-486D-BFE9-F278BC23C62B}.AppStore|ARM.ActiveCfg = Release|ARM
		{12B88DA5-767A-486D-BFE9-F278BC23C62B}.AppStore|ARM.Build.0 = Release|ARM
		{12B88DA5-767A-486D-BFE9-F278BC23C62B}.AppStore|ARM.Deploy.0 = Release|ARM
		{12B88DA5-767A-486D-BFE9-F278BC23C62B}.AppStore|iPhone.ActiveCfg = Release|x86
		{12B88DA5-767A-486D-BFE9-F278BC23C62B}.AppStore|iPhone.Build.0 = Release|x86
		{12B88DA5-767A-486D-BFE9-F278BC23C62B}.AppStore|iPhone.Deploy.0 = Release|x86
		{12B88DA5-767A-486D-BFE9-F278BC23C62B}.AppStore|iPhoneSimulator.ActiveCfg = Release|x86
		{12B88DA5-767A-486D-BFE9-F278BC23C62B}.AppStore|iPhoneSimulator.Build.0 = Release|x86
		{12B88DA5-767A-486D-BFE9-F278BC23C62B}.AppStore|iPhoneSimulator.Deploy.0 = Release|x86
		{12B88DA5-767A-486D-BFE9-F278BC23C62B}.AppStore|x64.ActiveCfg = Release|x64
		{12B88DA5-767A-486D-BFE9-F278BC23C62B}.AppStore|x64.Build.0 = Release|x64
		{12B88DA5-767A-486D-BFE9-F278BC23C62B}.AppStore|x64.Deploy.0 = Release|x64
		{12B88DA5-767A-486D-BFE9-F278BC23C62B}.AppStore|x86.ActiveCfg = Release|x86
		{12B88DA5-767A-486D-BFE9-F278BC23C62B}.AppStore|x86.Build.0 = Release|x86
		{12B88DA5-767A-486D-BFE9-F278BC23C62B}.AppStore|x86.Deploy.0 = Release|x86
		{12B88DA5-767A-486D-BFE9-F278BC23C62B}.Debug|Any CPU.ActiveCfg = Debug|x86
		{12B88DA5-767A-486D-BFE9-F278BC23C62B}.Debug|Any CPU.Build.0 = Debug|x86
		{12B88DA5-767A-486D-BFE9-F278BC23C62B}.Debug|Any CPU.Deploy.0 = Debug|x86
		{12B88DA5-767A-486D-BFE9-F278BC23C62B}.Debug|ARM.ActiveCfg = Debug|ARM
		{12B88DA5-767A-486D-BFE9-F278BC23C62B}.Debug|ARM.Build.0 = Debug|ARM
		{12B88DA5-767A-486D-BFE9-F278BC23C62B}.Debug|ARM.Deploy.0 = Debug|ARM
		{12B88DA5-767A-486D-BFE9-F278BC23C62B}.Debug|iPhone.ActiveCfg = Debug|x86
		{12B88DA5-767A-486D-BFE9-F278BC23C62B}.Debug|iPhone.Build.0 = Debug|x86
		{12B88DA5-767A-486D-BFE9-F278BC23C62B}.Debug|iPhone.Deploy.0 = Debug|x86
		{12B88DA5-767A-486D-BFE9-F278BC23C62B}.Debug|iPhoneSimulator.ActiveCfg = Debug|x86
		{12B88DA5-767A-486D-BFE9-F278BC23C62B}.Debug|iPhoneSimulator.Build.0 = Debug|x86
		{12B88DA5-767A-486D-BFE9-F278BC23C62B}.Debug|iPhoneSimulator.Deploy.0 = Debug|x86
		{12B88DA5-767A-486D-BFE9-F278BC23C62B}.Debug|x64.ActiveCfg = Debug|x64
		{12B88DA5-767A-486D-BFE9-F278BC23C62B}.Debug|x64.Build.0 = Debug|x64
		{12B88DA5-767A-486D-BFE9-F278BC23C62B}.Debug|x64.Deploy.0 = Debug|x64
		{12B88DA5-767A-486D-BFE9-F278BC23C62B}.Debug|x86.ActiveCfg = Debug|x86
		{12B88DA5-767A-486D-BFE9-F278BC23C62B}.Debug|x86.Build.0 = Debug|x86
		{12B88DA5-767A-486D-BFE9-F278BC23C62B}.Debug|x86.Deploy.0 = Debug|x86
		{12B88DA5-767A-486D-BFE9-F278BC23C62B}.Release|Any CPU.ActiveCfg = Release|x86
		{12B88DA5-767A-486D-BFE9-F278BC23C62B}.Release|Any CPU.Build.0 = Release|x86
		{12B88DA5-767A-486D-BFE9-F278BC23C62B}.Release|Any CPU.Deploy.0 = Release|x86
		{12B88DA5-767A-486D-BFE9-F278BC23C62B}.Release|ARM.ActiveCfg = Release|ARM
		{12B88DA5-767A-486D-BFE9-F278BC23C62B}.Release|ARM.Build.0 = Release|ARM
		{12B88DA5-767A-486D-BFE9-F278BC23C62B}.Release|ARM.Deploy.0 = Release|ARM
		{12B88DA5-767A-486D-BFE9-F278BC23C62B}.Release|iPhone.ActiveCfg = Release|x86
		{12B88DA5-767A-486D-BFE9-F278BC23C62B}.Release|iPhone.Build.0 = Release|x86
		{12B88DA5-767A-486D-BFE9-F278BC23C62B}.Release|iPhone.Deploy.0 = Release|x86
		{12B88DA5-767A-486D-BFE9-F278BC23C62B}.Release|iPhoneSimulator.ActiveCfg = Release|x86
		{12B88DA5-767A-486D-BFE9-F278BC23C62B}.Release|iPhoneSimulator.Build.0 = Release|x86
		{12B88DA5-767A-486D-BFE9-F278BC23C62B}.Release|iPhoneSimulator.Deploy.0 = Release|x86
		{12B88DA5-767A-486D-BFE9-F278BC23C62B}.Release|x64.ActiveCfg = Release|x64
		{12B88DA5-767A-486D-BFE9-F278BC23C62B}.Release|x64.Build.0 = Release|x64
		{12B88DA5-767A-486D-BFE9-F278BC23C62B}.Release|x64.Deploy.0 = Release|x64
		{12B88DA5-767A-486D-BFE9-F278BC23C62B}.Release|x86.ActiveCfg = Release|x86
		{12B88DA5-767A-486D-BFE9-F278BC23C62B}.Release|x86.Build.0 = Release|x86
		{12B88DA5-767A-486D-BFE9-F278BC23C62B}.Release|x86.Deploy.0 = Release|x86
	EndGlobalSection
	GlobalSection(SolutionProperties) = preSolution
		HideSolutionNode = FALSE
	EndGlobalSection
	GlobalSection(ExtensibilityGlobals) = postSolution
		SolutionGuid = {A90FC38D-6DB3-44CA-8F46-08B8B6B53196}
	EndGlobalSection
EndGlobal
